
Microsoft Visual Studio Solution File, Format Version 12.00
# Visual Studio Version 17
VisualStudioVersion = 17.4.33103.184
MinimumVisualStudioVersion = 10.0.40219.1
Project("{FAE04EC0-301F-11D3-BF4B-00C04F79EFBC}") = "SmartDevice", "SmartDevice\SmartDevice.csproj", "{13EF604D-FF96-4FDA-BF54-6D4371004029}"
EndProject
Global
	GlobalSection(SolutionConfigurationPlatforms) = preSolution
		Debug|Any CPU = Debug|Any CPU
		Release|Any CPU = Release|Any CPU
	EndGlobalSection
	GlobalSection(ProjectConfigurationPlatforms) = postSolution
		{13EF604D-FF96-4FDA-BF54-6D4371004029}.Debug|Any CPU.ActiveCfg = Debug|Any CPU
		{13EF604D-FF96-4FDA-BF54-6D4371004029}.Debug|Any CPU.Build.0 = Debug|Any CPU
		{13EF604D-FF96-4FDA-BF54-6D4371004029}.Release|Any CPU.ActiveCfg = Release|Any CPU
		{13EF604D-FF96-4FDA-BF54-6D4371004029}.Release|Any CPU.Build.0 = Release|Any CPU
	EndGlobalSection
	GlobalSection(SolutionProperties) = preSolution
		HideSolutionNode = FALSE
	EndGlobalSection
	GlobalSection(ExtensibilityGlobals) = postSolution
		SolutionGuid = {67364480-8248-4570-80C4-BE3DF55EBE7C}
	EndGlobalSection
EndGlobal
